# This file was autogenerated by Stack.
# You should not edit this file by hand.
# For more information, please see the documentation at:
#   https://docs.haskellstack.org/en/stable/lock_files

packages:
- completed:
    hackage: yesod-1.6.1.2@sha256:d186c0564504d104c210b8d1609cf889fdcc78a094257da13c9ea0f7383b54f4,2030
    pantry-tree:
      size: 618
      sha256: 2187b027f68da8633b53de89afdeda667ae7d0c7c35336a72c746d7170181d80
  original:
    hackage: yesod-1.6.1.2@sha256:d186c0564504d104c210b8d1609cf889fdcc78a094257da13c9ea0f7383b54f4,2030
- completed:
    hackage: monad-logger-0.3.36@sha256:f66f7d5ce7b7f43e98efdb90f9c790fe022526bb9e1ba80060b8087e76e131dc,1755
    pantry-tree:
      size: 396
      sha256: 2f0ce310cceab40d230c7f6d3ce593c3c8adc1bbae312ca34875605549eaf385
  original:
    hackage: monad-logger-0.3.36@sha256:f66f7d5ce7b7f43e98efdb90f9c790fe022526bb9e1ba80060b8087e76e131dc,1755
- completed:
    hackage: selda-0.5.1.0@sha256:8f4f7afddfb8ba3bcc8677e2a3f0b183ce85eed2c4ed6d7b8b40f057f573bf69,3111
    pantry-tree:
      size: 2462
      sha256: 84aaea80bc34993c30cd954b4d8c03a97fde88544c83582bfbddfce20f50497b
  original:
    hackage: selda-0.5.1.0@sha256:8f4f7afddfb8ba3bcc8677e2a3f0b183ce85eed2c4ed6d7b8b40f057f573bf69,3111
snapshots:
- completed:
    size: 596812
    url: https://raw.githubusercontent.com/commercialhaskell/stackage-snapshots/master/nightly/2021/11/19.yaml
    sha256: d4ebfabe1a2cc08a1521073ab0c9fd00036350518bfdd148ea7316690f39504d
  original: nightly-2021-11-19
