# This file was autogenerated by Stack.
# You should not edit this file by hand.
# For more information, please see the documentation at:
#   https://docs.haskellstack.org/en/stable/lock_files

packages:
- completed:
    hackage: yesod-1.6.1.2@sha256:d186c0564504d104c210b8d1609cf889fdcc78a094257da13c9ea0f7383b54f4,2030
    pantry-tree:
      size: 618
      sha256: 2187b027f68da8633b53de89afdeda667ae7d0c7c35336a72c746d7170181d80
  original:
    hackage: yesod-1.6.1.2@sha256:d186c0564504d104c210b8d1609cf889fdcc78a094257da13c9ea0f7383b54f4,2030
snapshots:
- completed:
    size: 596812
    url: https://raw.githubusercontent.com/commercialhaskell/stackage-snapshots/master/nightly/2021/11/19.yaml
    sha256: d4ebfabe1a2cc08a1521073ab0c9fd00036350518bfdd148ea7316690f39504d
  original: nightly-2021-11-19
